
Microsoft Visual Studio Solution File, Format Version 12.00
# Visual Studio Version 16
VisualStudioVersion = 25.0.1705.0
MinimumVisualStudioVersion = 10.0.40219.1
Project("{FAE04EC0-301F-11D3-BF4B-00C04F79EFBC}") = "ControlGastos", "ControlGastos\ControlGastos.csproj", "{5D660F46-6982-449D-A51D-3F8DB61DCF76}"
EndProject
Global
	GlobalSection(SolutionConfigurationPlatforms) = preSolution
		Debug|Any CPU = Debug|Any CPU
		Release|Any CPU = Release|Any CPU
	EndGlobalSection
	GlobalSection(ProjectConfigurationPlatforms) = postSolution
		{5D660F46-6982-449D-A51D-3F8DB61DCF76}.Debug|Any CPU.ActiveCfg = Debug|Any CPU
		{5D660F46-6982-449D-A51D-3F8DB61DCF76}.Debug|Any CPU.Build.0 = Debug|Any CPU
		{5D660F46-6982-449D-A51D-3F8DB61DCF76}.Release|Any CPU.ActiveCfg = Release|Any CPU
		{5D660F46-6982-449D-A51D-3F8DB61DCF76}.Release|Any CPU.Build.0 = Release|Any CPU
	EndGlobalSection
	GlobalSection(SolutionProperties) = preSolution
		HideSolutionNode = FALSE
	EndGlobalSection
	GlobalSection(ExtensibilityGlobals) = postSolution
		SolutionGuid = {DB428382-C2DE-4CAA-A2F9-DBE3844D2C97}
	EndGlobalSection
EndGlobal
